
Microsoft Visual Studio Solution File, Format Version 12.00
# Visual Studio Version 17
VisualStudioVersion = 17.5.33530.505
MinimumVisualStudioVersion = 10.0.40219.1
Project("{FAE04EC0-301F-11D3-BF4B-00C04F79EFBC}") = "Exe4_2022_Topas", "Exe4_2022_Topas\Exe4_2022_Topas.csproj", "{2271B048-7CD4-4BB4-95C3-C4E6B88FC24F}"
EndProject
Global
	GlobalSection(SolutionConfigurationPlatforms) = preSolution
		Debug|Any CPU = Debug|Any CPU
		Release|Any CPU = Release|Any CPU
	EndGlobalSection
	GlobalSection(ProjectConfigurationPlatforms) = postSolution
		{2271B048-7CD4-4BB4-95C3-C4E6B88FC24F}.Debug|Any CPU.ActiveCfg = Debug|Any CPU
		{2271B048-7CD4-4BB4-95C3-C4E6B88FC24F}.Debug|Any CPU.Build.0 = Debug|Any CPU
		{2271B048-7CD4-4BB4-95C3-C4E6B88FC24F}.Release|Any CPU.ActiveCfg = Release|Any CPU
		{2271B048-7CD4-4BB4-95C3-C4E6B88FC24F}.Release|Any CPU.Build.0 = Release|Any CPU
	EndGlobalSection
	GlobalSection(SolutionProperties) = preSolution
		HideSolutionNode = FALSE
	EndGlobalSection
	GlobalSection(ExtensibilityGlobals) = postSolution
		SolutionGuid = {CF7457EC-4D78-4793-AF45-B6CF49CDE548}
	EndGlobalSection
EndGlobal
