
Microsoft Visual Studio Solution File, Format Version 12.00
# Visual Studio Version 17
VisualStudioVersion = 17.5.33530.505
MinimumVisualStudioVersion = 10.0.40219.1
Project("{FAE04EC0-301F-11D3-BF4B-00C04F79EFBC}") = "Ex1_2022_Topas", "Ex1_2022_Topas\Ex1_2022_Topas.csproj", "{C7506A47-A3DF-4980-852A-DDF21596CC3C}"
EndProject
Global
	GlobalSection(SolutionConfigurationPlatforms) = preSolution
		Debug|Any CPU = Debug|Any CPU
		Release|Any CPU = Release|Any CPU
	EndGlobalSection
	GlobalSection(ProjectConfigurationPlatforms) = postSolution
		{C7506A47-A3DF-4980-852A-DDF21596CC3C}.Debug|Any CPU.ActiveCfg = Debug|Any CPU
		{C7506A47-A3DF-4980-852A-DDF21596CC3C}.Debug|Any CPU.Build.0 = Debug|Any CPU
		{C7506A47-A3DF-4980-852A-DDF21596CC3C}.Release|Any CPU.ActiveCfg = Release|Any CPU
		{C7506A47-A3DF-4980-852A-DDF21596CC3C}.Release|Any CPU.Build.0 = Release|Any CPU
	EndGlobalSection
	GlobalSection(SolutionProperties) = preSolution
		HideSolutionNode = FALSE
	EndGlobalSection
	GlobalSection(ExtensibilityGlobals) = postSolution
		SolutionGuid = {8A3CAE74-1DA7-407E-8B41-0517EE158F67}
	EndGlobalSection
EndGlobal
